
Microsoft Visual Studio Solution File, Format Version 12.00
# Visual Studio 2013
VisualStudioVersion = 12.0.21005.1
MinimumVisualStudioVersion = 10.0.40219.1
Project("{FAE04EC0-301F-11D3-BF4B-00C04F79EFBC}") = "WindowsGame1", "WindowsGame1\WindowsGame1\WindowsGame1.csproj", "{C7284BD7-74A4-40DB-8F9E-96BFAB578497}"
EndProject
Project("{96E2B04D-8817-42C6-938A-82C39BA4D311}") = "WindowsGame1Content", "WindowsGame1\WindowsGame1Content\WindowsGame1Content.contentproj", "{09CBDDA3-FBDB-4124-AE5F-7BE4AC8BA812}"
EndProject
Global
	GlobalSection(SolutionConfigurationPlatforms) = preSolution
		Debug|x86 = Debug|x86
		Release|x86 = Release|x86
	EndGlobalSection
	GlobalSection(ProjectConfigurationPlatforms) = postSolution
		{C7284BD7-74A4-40DB-8F9E-96BFAB578497}.Debug|x86.ActiveCfg = Debug|x86
		{C7284BD7-74A4-40DB-8F9E-96BFAB578497}.Debug|x86.Build.0 = Debug|x86
		{C7284BD7-74A4-40DB-8F9E-96BFAB578497}.Release|x86.ActiveCfg = Release|x86
		{C7284BD7-74A4-40DB-8F9E-96BFAB578497}.Release|x86.Build.0 = Release|x86
		{09CBDDA3-FBDB-4124-AE5F-7BE4AC8BA812}.Debug|x86.ActiveCfg = Debug|x86
		{09CBDDA3-FBDB-4124-AE5F-7BE4AC8BA812}.Release|x86.ActiveCfg = Release|x86
	EndGlobalSection
	GlobalSection(SolutionProperties) = preSolution
		HideSolutionNode = FALSE
	EndGlobalSection
EndGlobal
